
Microsoft Visual Studio Solution File, Format Version 12.00
# Visual Studio 2013
VisualStudioVersion = 12.0.31101.0
MinimumVisualStudioVersion = 10.0.40219.1
Project("{FAE04EC0-301F-11D3-BF4B-00C04F79EFBC}") = "WindowsPhone", "WindowsPhone\WindowsPhone.csproj", "{F7D322C6-170D-4041-A9D7-3D80E8C8C300}"
EndProject
Project("{FAE04EC0-301F-11D3-BF4B-00C04F79EFBC}") = "Content", "Content\Content\Content.csproj", "{B8122BE9-A1F8-492F-8B2E-0E55EA699FCC}"
EndProject
Project("{FAE04EC0-301F-11D3-BF4B-00C04F79EFBC}") = "ContentContainer", "Content\ContentContent\ContentContainer.contentproj", "{CC09A862-4405-4E61-AA64-D9A6851768A6}"
EndProject
Global
	GlobalSection(SolutionConfigurationPlatforms) = preSolution
		Android|Any CPU = Android|Any CPU
		Android|ARM = Android|ARM
		Android|Mixed Platforms = Android|Mixed Platforms
		Android|Win32 = Android|Win32
		Android|Windows Phone = Android|Windows Phone
		Android|x64 = Android|x64
		Android|x86 = Android|x86
		Debug|Any CPU = Debug|Any CPU
		Debug|ARM = Debug|ARM
		Debug|Mixed Platforms = Debug|Mixed Platforms
		Debug|Win32 = Debug|Win32
		Debug|Windows Phone = Debug|Windows Phone
		Debug|x64 = Debug|x64
		Debug|x86 = Debug|x86
		iOS|Any CPU = iOS|Any CPU
		iOS|ARM = iOS|ARM
		iOS|Mixed Platforms = iOS|Mixed Platforms
		iOS|Win32 = iOS|Win32
		iOS|Windows Phone = iOS|Windows Phone
		iOS|x64 = iOS|x64
		iOS|x86 = iOS|x86
		Linux|Any CPU = Linux|Any CPU
		Linux|ARM = Linux|ARM
		Linux|Mixed Platforms = Linux|Mixed Platforms
		Linux|Win32 = Linux|Win32
		Linux|Windows Phone = Linux|Windows Phone
		Linux|x64 = Linux|x64
		Linux|x86 = Linux|x86
		OSX|Any CPU = OSX|Any CPU
		OSX|ARM = OSX|ARM
		OSX|Mixed Platforms = OSX|Mixed Platforms
		OSX|Win32 = OSX|Win32
		OSX|Windows Phone = OSX|Windows Phone
		OSX|x64 = OSX|x64
		OSX|x86 = OSX|x86
		PSM|Any CPU = PSM|Any CPU
		PSM|ARM = PSM|ARM
		PSM|Mixed Platforms = PSM|Mixed Platforms
		PSM|Win32 = PSM|Win32
		PSM|Windows Phone = PSM|Windows Phone
		PSM|x64 = PSM|x64
		PSM|x86 = PSM|x86
		Release|Any CPU = Release|Any CPU
		Release|ARM = Release|ARM
		Release|Mixed Platforms = Release|Mixed Platforms
		Release|Win32 = Release|Win32
		Release|Windows Phone = Release|Windows Phone
		Release|x64 = Release|x64
		Release|x86 = Release|x86
		Windows|Any CPU = Windows|Any CPU
		Windows|ARM = Windows|ARM
		Windows|Mixed Platforms = Windows|Mixed Platforms
		Windows|Win32 = Windows|Win32
		Windows|Windows Phone = Windows|Windows Phone
		Windows|x64 = Windows|x64
		Windows|x86 = Windows|x86
		Windows8|Any CPU = Windows8|Any CPU
		Windows8|ARM = Windows8|ARM
		Windows8|Mixed Platforms = Windows8|Mixed Platforms
		Windows8|Win32 = Windows8|Win32
		Windows8|Windows Phone = Windows8|Windows Phone
		Windows8|x64 = Windows8|x64
		Windows8|x86 = Windows8|x86
	EndGlobalSection
	GlobalSection(ProjectConfigurationPlatforms) = postSolution
		{F7D322C6-170D-4041-A9D7-3D80E8C8C300}.Android|Any CPU.ActiveCfg = Release|x86
		{F7D322C6-170D-4041-A9D7-3D80E8C8C300}.Android|ARM.ActiveCfg = Release|ARM
		{F7D322C6-170D-4041-A9D7-3D80E8C8C300}.Android|ARM.Build.0 = Release|ARM
		{F7D322C6-170D-4041-A9D7-3D80E8C8C300}.Android|ARM.Deploy.0 = Release|ARM
		{F7D322C6-170D-4041-A9D7-3D80E8C8C300}.Android|Mixed Platforms.ActiveCfg = Release|x86
		{F7D322C6-170D-4041-A9D7-3D80E8C8C300}.Android|Mixed Platforms.Build.0 = Release|x86
		{F7D322C6-170D-4041-A9D7-3D80E8C8C300}.Android|Mixed Platforms.Deploy.0 = Release|x86
		{F7D322C6-170D-4041-A9D7-3D80E8C8C300}.Android|Win32.ActiveCfg = Release|x86
		{F7D322C6-170D-4041-A9D7-3D80E8C8C300}.Android|Win32.Build.0 = Release|x86
		{F7D322C6-170D-4041-A9D7-3D80E8C8C300}.Android|Win32.Deploy.0 = Release|x86
		{F7D322C6-170D-4041-A9D7-3D80E8C8C300}.Android|Windows Phone.ActiveCfg = Release|x86
		{F7D322C6-170D-4041-A9D7-3D80E8C8C300}.Android|x64.ActiveCfg = Release|x86
		{F7D322C6-170D-4041-A9D7-3D80E8C8C300}.Android|x86.ActiveCfg = Release|x86
		{F7D322C6-170D-4041-A9D7-3D80E8C8C300}.Android|x86.Build.0 = Release|x86
		{F7D322C6-170D-4041-A9D7-3D80E8C8C300}.Android|x86.Deploy.0 = Release|x86
		{F7D322C6-170D-4041-A9D7-3D80E8C8C300}.Debug|Any CPU.ActiveCfg = Debug|x86
		{F7D322C6-170D-4041-A9D7-3D80E8C8C300}.Debug|ARM.ActiveCfg = Debug|ARM
		{F7D322C6-170D-4041-A9D7-3D80E8C8C300}.Debug|ARM.Build.0 = Debug|ARM
		{F7D322C6-170D-4041-A9D7-3D80E8C8C300}.Debug|ARM.Deploy.0 = Debug|ARM
		{F7D322C6-170D-4041-A9D7-3D80E8C8C300}.Debug|Mixed Platforms.ActiveCfg = Debug|ARM
		{F7D322C6-170D-4041-A9D7-3D80E8C8C300}.Debug|Mixed Platforms.Build.0 = Debug|ARM
		{F7D322C6-170D-4041-A9D7-3D80E8C8C300}.Debug|Mixed Platforms.Deploy.0 = Debug|ARM
		{F7D322C6-170D-4041-A9D7-3D80E8C8C300}.Debug|Win32.ActiveCfg = Debug|x86
		{F7D322C6-170D-4041-A9D7-3D80E8C8C300}.Debug|Win32.Build.0 = Debug|x86
		{F7D322C6-170D-4041-A9D7-3D80E8C8C300}.Debug|Win32.Deploy.0 = Debug|x86
		{F7D322C6-170D-4041-A9D7-3D80E8C8C300}.Debug|Windows Phone.ActiveCfg = Debug|x86
		{F7D322C6-170D-4041-A9D7-3D80E8C8C300}.Debug|x64.ActiveCfg = Debug|x86
		{F7D322C6-170D-4041-A9D7-3D80E8C8C300}.Debug|x86.ActiveCfg = Debug|x86
		{F7D322C6-170D-4041-A9D7-3D80E8C8C300}.Debug|x86.Build.0 = Debug|x86
		{F7D322C6-170D-4041-A9D7-3D80E8C8C300}.Debug|x86.Deploy.0 = Debug|x86
		{F7D322C6-170D-4041-A9D7-3D80E8C8C300}.iOS|Any CPU.ActiveCfg = Release|x86
		{F7D322C6-170D-4041-A9D7-3D80E8C8C300}.iOS|ARM.ActiveCfg = Release|ARM
		{F7D322C6-170D-4041-A9D7-3D80E8C8C300}.iOS|ARM.Build.0 = Release|ARM
		{F7D322C6-170D-4041-A9D7-3D80E8C8C300}.iOS|ARM.Deploy.0 = Release|ARM
		{F7D322C6-170D-4041-A9D7-3D80E8C8C300}.iOS|Mixed Platforms.ActiveCfg = Release|x86
		{F7D322C6-170D-4041-A9D7-3D80E8C8C300}.iOS|Mixed Platforms.Build.0 = Release|x86
		{F7D322C6-170D-4041-A9D7-3D80E8C8C300}.iOS|Mixed Platforms.Deploy.0 = Release|x86
		{F7D322C6-170D-4041-A9D7-3D80E8C8C300}.iOS|Win32.ActiveCfg = Release|x86
		{F7D322C6-170D-4041-A9D7-3D80E8C8C300}.iOS|Win32.Build.0 = Release|x86
		{F7D322C6-170D-4041-A9D7-3D80E8C8C300}.iOS|Win32.Deploy.0 = Release|x86
		{F7D322C6-170D-4041-A9D7-3D80E8C8C300}.iOS|Windows Phone.ActiveCfg = Release|x86
		{F7D322C6-170D-4041-A9D7-3D80E8C8C300}.iOS|x64.ActiveCfg = Release|x86
		{F7D322C6-170D-4041-A9D7-3D80E8C8C300}.iOS|x86.ActiveCfg = Release|x86
		{F7D322C6-170D-4041-A9D7-3D80E8C8C300}.iOS|x86.Build.0 = Release|x86
		{F7D322C6-170D-4041-A9D7-3D80E8C8C300}.iOS|x86.Deploy.0 = Release|x86
		{F7D322C6-170D-4041-A9D7-3D80E8C8C300}.Linux|Any CPU.ActiveCfg = Release|x86
		{F7D322C6-170D-4041-A9D7-3D80E8C8C300}.Linux|ARM.ActiveCfg = Release|ARM
		{F7D322C6-170D-4041-A9D7-3D80E8C8C300}.Linux|ARM.Build.0 = Release|ARM
		{F7D322C6-170D-4041-A9D7-3D80E8C8C300}.Linux|ARM.Deploy.0 = Release|ARM
		{F7D322C6-170D-4041-A9D7-3D80E8C8C300}.Linux|Mixed Platforms.ActiveCfg = Release|x86
		{F7D322C6-170D-4041-A9D7-3D80E8C8C300}.Linux|Mixed Platforms.Build.0 = Release|x86
		{F7D322C6-170D-4041-A9D7-3D80E8C8C300}.Linux|Mixed Platforms.Deploy.0 = Release|x86
		{F7D322C6-170D-4041-A9D7-3D80E8C8C300}.Linux|Win32.ActiveCfg = Release|x86
		{F7D322C6-170D-4041-A9D7-3D80E8C8C300}.Linux|Win32.Build.0 = Release|x86
		{F7D322C6-170D-4041-A9D7-3D80E8C8C300}.Linux|Win32.Deploy.0 = Release|x86
		{F7D322C6-170D-4041-A9D7-3D80E8C8C300}.Linux|Windows Phone.ActiveCfg = Release|x86
		{F7D322C6-170D-4041-A9D7-3D80E8C8C300}.Linux|x64.ActiveCfg = Release|x86
		{F7D322C6-170D-4041-A9D7-3D80E8C8C300}.Linux|x86.ActiveCfg = Release|x86
		{F7D322C6-170D-4041-A9D7-3D80E8C8C300}.Linux|x86.Build.0 = Release|x86
		{F7D322C6-170D-4041-A9D7-3D80E8C8C300}.Linux|x86.Deploy.0 = Release|x86
		{F7D322C6-170D-4041-A9D7-3D80E8C8C300}.OSX|Any CPU.ActiveCfg = Release|x86
		{F7D322C6-170D-4041-A9D7-3D80E8C8C300}.OSX|ARM.ActiveCfg = Release|ARM
		{F7D322C6-170D-4041-A9D7-3D80E8C8C300}.OSX|ARM.Build.0 = Release|ARM
		{F7D322C6-170D-4041-A9D7-3D80E8C8C300}.OSX|ARM.Deploy.0 = Release|ARM
		{F7D322C6-170D-4041-A9D7-3D80E8C8C300}.OSX|Mixed Platforms.ActiveCfg = Release|x86
		{F7D322C6-170D-4041-A9D7-3D80E8C8C300}.OSX|Mixed Platforms.Build.0 = Release|x86
		{F7D322C6-170D-4041-A9D7-3D80E8C8C300}.OSX|Mixed Platforms.Deploy.0 = Release|x86
		{F7D322C6-170D-4041-A9D7-3D80E8C8C300}.OSX|Win32.ActiveCfg = Release|x86
		{F7D322C6-170D-4041-A9D7-3D80E8C8C300}.OSX|Win32.Build.0 = Release|x86
		{F7D322C6-170D-4041-A9D7-3D80E8C8C300}.OSX|Win32.Deploy.0 = Release|x86
		{F7D322C6-170D-4041-A9D7-3D80E8C8C300}.OSX|Windows Phone.ActiveCfg = Release|x86
		{F7D322C6-170D-4041-A9D7-3D80E8C8C300}.OSX|x64.ActiveCfg = Release|x86
		{F7D322C6-170D-4041-A9D7-3D80E8C8C300}.OSX|x86.ActiveCfg = Release|x86
		{F7D322C6-170D-4041-A9D7-3D80E8C8C300}.OSX|x86.Build.0 = Release|x86
		{F7D322C6-170D-4041-A9D7-3D80E8C8C300}.OSX|x86.Deploy.0 = Release|x86
		{F7D322C6-170D-4041-A9D7-3D80E8C8C300}.PSM|Any CPU.ActiveCfg = Release|x86
		{F7D322C6-170D-4041-A9D7-3D80E8C8C300}.PSM|ARM.ActiveCfg = Release|ARM
		{F7D322C6-170D-4041-A9D7-3D80E8C8C300}.PSM|ARM.Build.0 = Release|ARM
		{F7D322C6-170D-4041-A9D7-3D80E8C8C300}.PSM|ARM.Deploy.0 = Release|ARM
		{F7D322C6-170D-4041-A9D7-3D80E8C8C300}.PSM|Mixed Platforms.ActiveCfg = Release|x86
		{F7D322C6-170D-4041-A9D7-3D80E8C8C300}.PSM|Mixed Platforms.Build.0 = Release|x86
		{F7D322C6-170D-4041-A9D7-3D80E8C8C300}.PSM|Mixed Platforms.Deploy.0 = Release|x86
		{F7D322C6-170D-4041-A9D7-3D80E8C8C300}.PSM|Win32.ActiveCfg = Release|x86
		{F7D322C6-170D-4041-A9D7-3D80E8C8C300}.PSM|Win32.Build.0 = Release|x86
		{F7D322C6-170D-4041-A9D7-3D80E8C8C300}.PSM|Win32.Deploy.0 = Release|x86
		{F7D322C6-170D-4041-A9D7-3D80E8C8C300}.PSM|Windows Phone.ActiveCfg = Release|x86
		{F7D322C6-170D-4041-A9D7-3D80E8C8C300}.PSM|x64.ActiveCfg = Release|x86
		{F7D322C6-170D-4041-A9D7-3D80E8C8C300}.PSM|x86.ActiveCfg = Release|x86
		{F7D322C6-170D-4041-A9D7-3D80E8C8C300}.PSM|x86.Build.0 = Release|x86
		{F7D322C6-170D-4041-A9D7-3D80E8C8C300}.PSM|x86.Deploy.0 = Release|x86
		{F7D322C6-170D-4041-A9D7-3D80E8C8C300}.Release|Any CPU.ActiveCfg = Release|x86
		{F7D322C6-170D-4041-A9D7-3D80E8C8C300}.Release|ARM.ActiveCfg = Release|ARM
		{F7D322C6-170D-4041-A9D7-3D80E8C8C300}.Release|ARM.Build.0 = Release|ARM
		{F7D322C6-170D-4041-A9D7-3D80E8C8C300}.Release|ARM.Deploy.0 = Release|ARM
		{F7D322C6-170D-4041-A9D7-3D80E8C8C300}.Release|Mixed Platforms.ActiveCfg = Release|x86
		{F7D322C6-170D-4041-A9D7-3D80E8C8C300}.Release|Mixed Platforms.Build.0 = Release|x86
		{F7D322C6-170D-4041-A9D7-3D80E8C8C300}.Release|Mixed Platforms.Deploy.0 = Release|x86
		{F7D322C6-170D-4041-A9D7-3D80E8C8C300}.Release|Win32.ActiveCfg = Release|x86
		{F7D322C6-170D-4041-A9D7-3D80E8C8C300}.Release|Win32.Build.0 = Release|x86
		{F7D322C6-170D-4041-A9D7-3D80E8C8C300}.Release|Win32.Deploy.0 = Release|x86
		{F7D322C6-170D-4041-A9D7-3D80E8C8C300}.Release|Windows Phone.ActiveCfg = Release|x86
		{F7D322C6-170D-4041-A9D7-3D80E8C8C300}.Release|x64.ActiveCfg = Release|x86
		{F7D322C6-170D-4041-A9D7-3D80E8C8C300}.Release|x86.ActiveCfg = Release|x86
		{F7D322C6-170D-4041-A9D7-3D80E8C8C300}.Release|x86.Build.0 = Release|x86
		{F7D322C6-170D-4041-A9D7-3D80E8C8C300}.Release|x86.Deploy.0 = Release|x86
		{F7D322C6-170D-4041-A9D7-3D80E8C8C300}.Windows|Any CPU.ActiveCfg = Release|x86
		{F7D322C6-170D-4041-A9D7-3D80E8C8C300}.Windows|ARM.ActiveCfg = Release|ARM
		{F7D322C6-170D-4041-A9D7-3D80E8C8C300}.Windows|ARM.Build.0 = Release|ARM
		{F7D322C6-170D-4041-A9D7-3D80E8C8C300}.Windows|ARM.Deploy.0 = Release|ARM
		{F7D322C6-170D-4041-A9D7-3D80E8C8C300}.Windows|Mixed Platforms.ActiveCfg = Release|x86
		{F7D322C6-170D-4041-A9D7-3D80E8C8C300}.Windows|Mixed Platforms.Build.0 = Release|x86
		{F7D322C6-170D-4041-A9D7-3D80E8C8C300}.Windows|Mixed Platforms.Deploy.0 = Release|x86
		{F7D322C6-170D-4041-A9D7-3D80E8C8C300}.Windows|Win32.ActiveCfg = Release|x86
		{F7D322C6-170D-4041-A9D7-3D80E8C8C300}.Windows|Win32.Build.0 = Release|x86
		{F7D322C6-170D-4041-A9D7-3D80E8C8C300}.Windows|Win32.Deploy.0 = Release|x86
		{F7D322C6-170D-4041-A9D7-3D80E8C8C300}.Windows|Windows Phone.ActiveCfg = Release|x86
		{F7D322C6-170D-4041-A9D7-3D80E8C8C300}.Windows|x64.ActiveCfg = Release|x86
		{F7D322C6-170D-4041-A9D7-3D80E8C8C300}.Windows|x86.ActiveCfg = Release|x86
		{F7D322C6-170D-4041-A9D7-3D80E8C8C300}.Windows|x86.Build.0 = Release|x86
		{F7D322C6-170D-4041-A9D7-3D80E8C8C300}.Windows|x86.Deploy.0 = Release|x86
		{F7D322C6-170D-4041-A9D7-3D80E8C8C300}.Windows8|Any CPU.ActiveCfg = Release|x86
		{F7D322C6-170D-4041-A9D7-3D80E8C8C300}.Windows8|ARM.ActiveCfg = Release|ARM
		{F7D322C6-170D-4041-A9D7-3D80E8C8C300}.Windows8|ARM.Build.0 = Release|ARM
		{F7D322C6-170D-4041-A9D7-3D80E8C8C300}.Windows8|ARM.Deploy.0 = Release|ARM
		{F7D322C6-170D-4041-A9D7-3D80E8C8C300}.Windows8|Mixed Platforms.ActiveCfg = Release|x86
		{F7D322C6-170D-4041-A9D7-3D80E8C8C300}.Windows8|Mixed Platforms.Build.0 = Release|x86
		{F7D322C6-170D-4041-A9D7-3D80E8C8C300}.Windows8|Mixed Platforms.Deploy.0 = Release|x86
		{F7D322C6-170D-4041-A9D7-3D80E8C8C300}.Windows8|Win32.ActiveCfg = Release|x86
		{F7D322C6-170D-4041-A9D7-3D80E8C8C300}.Windows8|Win32.Build.0 = Release|x86
		{F7D322C6-170D-4041-A9D7-3D80E8C8C300}.Windows8|Win32.Deploy.0 = Release|x86
		{F7D322C6-170D-4041-A9D7-3D80E8C8C300}.Windows8|Windows Phone.ActiveCfg = Release|x86
		{F7D322C6-170D-4041-A9D7-3D80E8C8C300}.Windows8|x64.ActiveCfg = Release|x86
		{F7D322C6-170D-4041-A9D7-3D80E8C8C300}.Windows8|x86.ActiveCfg = Release|x86
		{F7D322C6-170D-4041-A9D7-3D80E8C8C300}.Windows8|x86.Build.0 = Release|x86
		{F7D322C6-170D-4041-A9D7-3D80E8C8C300}.Windows8|x86.Deploy.0 = Release|x86
		{B8122BE9-A1F8-492F-8B2E-0E55EA699FCC}.Android|Any CPU.ActiveCfg = Android|Any CPU
		{B8122BE9-A1F8-492F-8B2E-0E55EA699FCC}.Android|Any CPU.Build.0 = Android|Any CPU
		{B8122BE9-A1F8-492F-8B2E-0E55EA699FCC}.Android|ARM.ActiveCfg = Android|Any CPU
		{B8122BE9-A1F8-492F-8B2E-0E55EA699FCC}.Android|Mixed Platforms.ActiveCfg = Android|Any CPU
		{B8122BE9-A1F8-492F-8B2E-0E55EA699FCC}.Android|Mixed Platforms.Build.0 = Android|Any CPU
		{B8122BE9-A1F8-492F-8B2E-0E55EA699FCC}.Android|Win32.ActiveCfg = Android|Any CPU
		{B8122BE9-A1F8-492F-8B2E-0E55EA699FCC}.Android|Windows Phone.ActiveCfg = Android|Any CPU
		{B8122BE9-A1F8-492F-8B2E-0E55EA699FCC}.Android|x64.ActiveCfg = Android|Any CPU
		{B8122BE9-A1F8-492F-8B2E-0E55EA699FCC}.Android|x86.ActiveCfg = Android|Any CPU
		{B8122BE9-A1F8-492F-8B2E-0E55EA699FCC}.Debug|Any CPU.ActiveCfg = PSM|Any CPU
		{B8122BE9-A1F8-492F-8B2E-0E55EA699FCC}.Debug|Any CPU.Build.0 = PSM|Any CPU
		{B8122BE9-A1F8-492F-8B2E-0E55EA699FCC}.Debug|ARM.ActiveCfg = PSM|Any CPU
		{B8122BE9-A1F8-492F-8B2E-0E55EA699FCC}.Debug|Mixed Platforms.ActiveCfg = Windows8|Any CPU
		{B8122BE9-A1F8-492F-8B2E-0E55EA699FCC}.Debug|Mixed Platforms.Build.0 = Windows8|Any CPU
		{B8122BE9-A1F8-492F-8B2E-0E55EA699FCC}.Debug|Win32.ActiveCfg = PSM|Any CPU
		{B8122BE9-A1F8-492F-8B2E-0E55EA699FCC}.Debug|Windows Phone.ActiveCfg = PSM|Any CPU
		{B8122BE9-A1F8-492F-8B2E-0E55EA699FCC}.Debug|x64.ActiveCfg = PSM|Any CPU
		{B8122BE9-A1F8-492F-8B2E-0E55EA699FCC}.Debug|x86.ActiveCfg = Windows8|Any CPU
		{B8122BE9-A1F8-492F-8B2E-0E55EA699FCC}.Debug|x86.Build.0 = Windows8|Any CPU
		{B8122BE9-A1F8-492F-8B2E-0E55EA699FCC}.iOS|Any CPU.ActiveCfg = iOS|Any CPU
		{B8122BE9-A1F8-492F-8B2E-0E55EA699FCC}.iOS|Any CPU.Build.0 = iOS|Any CPU
		{B8122BE9-A1F8-492F-8B2E-0E55EA699FCC}.iOS|ARM.ActiveCfg = iOS|Any CPU
		{B8122BE9-A1F8-492F-8B2E-0E55EA699FCC}.iOS|Mixed Platforms.ActiveCfg = iOS|Any CPU
		{B8122BE9-A1F8-492F-8B2E-0E55EA699FCC}.iOS|Mixed Platforms.Build.0 = iOS|Any CPU
		{B8122BE9-A1F8-492F-8B2E-0E55EA699FCC}.iOS|Win32.ActiveCfg = iOS|Any CPU
		{B8122BE9-A1F8-492F-8B2E-0E55EA699FCC}.iOS|Windows Phone.ActiveCfg = iOS|Any CPU
		{B8122BE9-A1F8-492F-8B2E-0E55EA699FCC}.iOS|x64.ActiveCfg = iOS|Any CPU
		{B8122BE9-A1F8-492F-8B2E-0E55EA699FCC}.iOS|x86.ActiveCfg = iOS|Any CPU
		{B8122BE9-A1F8-492F-8B2E-0E55EA699FCC}.Linux|Any CPU.ActiveCfg = Linux|Any CPU
		{B8122BE9-A1F8-492F-8B2E-0E55EA699FCC}.Linux|Any CPU.Build.0 = Linux|Any CPU
		{B8122BE9-A1F8-492F-8B2E-0E55EA699FCC}.Linux|ARM.ActiveCfg = Linux|Any CPU
		{B8122BE9-A1F8-492F-8B2E-0E55EA699FCC}.Linux|Mixed Platforms.ActiveCfg = Linux|Any CPU
		{B8122BE9-A1F8-492F-8B2E-0E55EA699FCC}.Linux|Mixed Platforms.Build.0 = Linux|Any CPU
		{B8122BE9-A1F8-492F-8B2E-0E55EA699FCC}.Linux|Win32.ActiveCfg = Linux|Any CPU
		{B8122BE9-A1F8-492F-8B2E-0E55EA699FCC}.Linux|Windows Phone.ActiveCfg = Linux|Any CPU
		{B8122BE9-A1F8-492F-8B2E-0E55EA699FCC}.Linux|x64.ActiveCfg = Linux|Any CPU
		{B8122BE9-A1F8-492F-8B2E-0E55EA699FCC}.Linux|x86.ActiveCfg = Linux|Any CPU
		{B8122BE9-A1F8-492F-8B2E-0E55EA699FCC}.OSX|Any CPU.ActiveCfg = OSX|Any CPU
		{B8122BE9-A1F8-492F-8B2E-0E55EA699FCC}.OSX|Any CPU.Build.0 = OSX|Any CPU
		{B8122BE9-A1F8-492F-8B2E-0E55EA699FCC}.OSX|ARM.ActiveCfg = OSX|Any CPU
		{B8122BE9-A1F8-492F-8B2E-0E55EA699FCC}.OSX|Mixed Platforms.ActiveCfg = OSX|Any CPU
		{B8122BE9-A1F8-492F-8B2E-0E55EA699FCC}.OSX|Mixed Platforms.Build.0 = OSX|Any CPU
		{B8122BE9-A1F8-492F-8B2E-0E55EA699FCC}.OSX|Win32.ActiveCfg = OSX|Any CPU
		{B8122BE9-A1F8-492F-8B2E-0E55EA699FCC}.OSX|Windows Phone.ActiveCfg = OSX|Any CPU
		{B8122BE9-A1F8-492F-8B2E-0E55EA699FCC}.OSX|x64.ActiveCfg = OSX|Any CPU
		{B8122BE9-A1F8-492F-8B2E-0E55EA699FCC}.OSX|x86.ActiveCfg = OSX|Any CPU
		{B8122BE9-A1F8-492F-8B2E-0E55EA699FCC}.PSM|Any CPU.ActiveCfg = PSM|Any CPU
		{B8122BE9-A1F8-492F-8B2E-0E55EA699FCC}.PSM|Any CPU.Build.0 = PSM|Any CPU
		{B8122BE9-A1F8-492F-8B2E-0E55EA699FCC}.PSM|ARM.ActiveCfg = PSM|Any CPU
		{B8122BE9-A1F8-492F-8B2E-0E55EA699FCC}.PSM|Mixed Platforms.ActiveCfg = PSM|Any CPU
		{B8122BE9-A1F8-492F-8B2E-0E55EA699FCC}.PSM|Mixed Platforms.Build.0 = PSM|Any CPU
		{B8122BE9-A1F8-492F-8B2E-0E55EA699FCC}.PSM|Win32.ActiveCfg = PSM|Any CPU
		{B8122BE9-A1F8-492F-8B2E-0E55EA699FCC}.PSM|Windows Phone.ActiveCfg = PSM|Any CPU
		{B8122BE9-A1F8-492F-8B2E-0E55EA699FCC}.PSM|x64.ActiveCfg = PSM|Any CPU
		{B8122BE9-A1F8-492F-8B2E-0E55EA699FCC}.PSM|x86.ActiveCfg = PSM|Any CPU
		{B8122BE9-A1F8-492F-8B2E-0E55EA699FCC}.Release|Any CPU.ActiveCfg = PSM|Any CPU
		{B8122BE9-A1F8-492F-8B2E-0E55EA699FCC}.Release|Any CPU.Build.0 = PSM|Any CPU
		{B8122BE9-A1F8-492F-8B2E-0E55EA699FCC}.Release|ARM.ActiveCfg = PSM|Any CPU
		{B8122BE9-A1F8-492F-8B2E-0E55EA699FCC}.Release|Mixed Platforms.ActiveCfg = PSM|Any CPU
		{B8122BE9-A1F8-492F-8B2E-0E55EA699FCC}.Release|Mixed Platforms.Build.0 = PSM|Any CPU
		{B8122BE9-A1F8-492F-8B2E-0E55EA699FCC}.Release|Win32.ActiveCfg = PSM|Any CPU
		{B8122BE9-A1F8-492F-8B2E-0E55EA699FCC}.Release|Windows Phone.ActiveCfg = PSM|Any CPU
		{B8122BE9-A1F8-492F-8B2E-0E55EA699FCC}.Release|x64.ActiveCfg = PSM|Any CPU
		{B8122BE9-A1F8-492F-8B2E-0E55EA699FCC}.Release|x86.ActiveCfg = PSM|Any CPU
		{B8122BE9-A1F8-492F-8B2E-0E55EA699FCC}.Windows|Any CPU.ActiveCfg = Windows|Any CPU
		{B8122BE9-A1F8-492F-8B2E-0E55EA699FCC}.Windows|Any CPU.Build.0 = Windows|Any CPU
		{B8122BE9-A1F8-492F-8B2E-0E55EA699FCC}.Windows|ARM.ActiveCfg = Windows|Any CPU
		{B8122BE9-A1F8-492F-8B2E-0E55EA699FCC}.Windows|Mixed Platforms.ActiveCfg = Windows|Any CPU
		{B8122BE9-A1F8-492F-8B2E-0E55EA699FCC}.Windows|Mixed Platforms.Build.0 = Windows|Any CPU
		{B8122BE9-A1F8-492F-8B2E-0E55EA699FCC}.Windows|Win32.ActiveCfg = Windows|Any CPU
		{B8122BE9-A1F8-492F-8B2E-0E55EA699FCC}.Windows|Windows Phone.ActiveCfg = Windows|Any CPU
		{B8122BE9-A1F8-492F-8B2E-0E55EA699FCC}.Windows|x64.ActiveCfg = Windows|Any CPU
		{B8122BE9-A1F8-492F-8B2E-0E55EA699FCC}.Windows|x86.ActiveCfg = Windows|Any CPU
		{B8122BE9-A1F8-492F-8B2E-0E55EA699FCC}.Windows8|Any CPU.ActiveCfg = Windows8|Any CPU
		{B8122BE9-A1F8-492F-8B2E-0E55EA699FCC}.Windows8|Any CPU.Build.0 = Windows8|Any CPU
		{B8122BE9-A1F8-492F-8B2E-0E55EA699FCC}.Windows8|ARM.ActiveCfg = Windows8|Any CPU
		{B8122BE9-A1F8-492F-8B2E-0E55EA699FCC}.Windows8|Mixed Platforms.ActiveCfg = Windows8|Any CPU
		{B8122BE9-A1F8-492F-8B2E-0E55EA699FCC}.Windows8|Mixed Platforms.Build.0 = Windows8|Any CPU
		{B8122BE9-A1F8-492F-8B2E-0E55EA699FCC}.Windows8|Win32.ActiveCfg = Windows8|Any CPU
		{B8122BE9-A1F8-492F-8B2E-0E55EA699FCC}.Windows8|Windows Phone.ActiveCfg = Windows8|Any CPU
		{B8122BE9-A1F8-492F-8B2E-0E55EA699FCC}.Windows8|x64.ActiveCfg = Windows8|Any CPU
		{B8122BE9-A1F8-492F-8B2E-0E55EA699FCC}.Windows8|x86.ActiveCfg = Windows8|Any CPU
		{CC09A862-4405-4E61-AA64-D9A6851768A6}.Android|Any CPU.ActiveCfg = Android|Any CPU
		{CC09A862-4405-4E61-AA64-D9A6851768A6}.Android|ARM.ActiveCfg = Android|Any CPU
		{CC09A862-4405-4E61-AA64-D9A6851768A6}.Android|Mixed Platforms.ActiveCfg = Android|Any CPU
		{CC09A862-4405-4E61-AA64-D9A6851768A6}.Android|Win32.ActiveCfg = Android|Any CPU
		{CC09A862-4405-4E61-AA64-D9A6851768A6}.Android|Windows Phone.ActiveCfg = Android|Any CPU
		{CC09A862-4405-4E61-AA64-D9A6851768A6}.Android|x64.ActiveCfg = Android|Any CPU
		{CC09A862-4405-4E61-AA64-D9A6851768A6}.Android|x86.ActiveCfg = Android|Any CPU
		{CC09A862-4405-4E61-AA64-D9A6851768A6}.Debug|Any CPU.ActiveCfg = PSM|Any CPU
		{CC09A862-4405-4E61-AA64-D9A6851768A6}.Debug|ARM.ActiveCfg = PSM|Any CPU
		{CC09A862-4405-4E61-AA64-D9A6851768A6}.Debug|Mixed Platforms.ActiveCfg = PSM|Any CPU
		{CC09A862-4405-4E61-AA64-D9A6851768A6}.Debug|Win32.ActiveCfg = PSM|Any CPU
		{CC09A862-4405-4E61-AA64-D9A6851768A6}.Debug|Windows Phone.ActiveCfg = PSM|Any CPU
		{CC09A862-4405-4E61-AA64-D9A6851768A6}.Debug|x64.ActiveCfg = PSM|Any CPU
		{CC09A862-4405-4E61-AA64-D9A6851768A6}.Debug|x86.ActiveCfg = PSM|Any CPU
		{CC09A862-4405-4E61-AA64-D9A6851768A6}.iOS|Any CPU.ActiveCfg = iOS|Any CPU
		{CC09A862-4405-4E61-AA64-D9A6851768A6}.iOS|ARM.ActiveCfg = iOS|Any CPU
		{CC09A862-4405-4E61-AA64-D9A6851768A6}.iOS|Mixed Platforms.ActiveCfg = iOS|Any CPU
		{CC09A862-4405-4E61-AA64-D9A6851768A6}.iOS|Win32.ActiveCfg = iOS|Any CPU
		{CC09A862-4405-4E61-AA64-D9A6851768A6}.iOS|Windows Phone.ActiveCfg = iOS|Any CPU
		{CC09A862-4405-4E61-AA64-D9A6851768A6}.iOS|x64.ActiveCfg = iOS|Any CPU
		{CC09A862-4405-4E61-AA64-D9A6851768A6}.iOS|x86.ActiveCfg = iOS|Any CPU
		{CC09A862-4405-4E61-AA64-D9A6851768A6}.Linux|Any CPU.ActiveCfg = Linux|Any CPU
		{CC09A862-4405-4E61-AA64-D9A6851768A6}.Linux|ARM.ActiveCfg = Linux|Any CPU
		{CC09A862-4405-4E61-AA64-D9A6851768A6}.Linux|Mixed Platforms.ActiveCfg = Linux|Any CPU
		{CC09A862-4405-4E61-AA64-D9A6851768A6}.Linux|Win32.ActiveCfg = Linux|Any CPU
		{CC09A862-4405-4E61-AA64-D9A6851768A6}.Linux|Windows Phone.ActiveCfg = Linux|Any CPU
		{CC09A862-4405-4E61-AA64-D9A6851768A6}.Linux|x64.ActiveCfg = Linux|Any CPU
		{CC09A862-4405-4E61-AA64-D9A6851768A6}.Linux|x86.ActiveCfg = Linux|Any CPU
		{CC09A862-4405-4E61-AA64-D9A6851768A6}.OSX|Any CPU.ActiveCfg = OSX|Any CPU
		{CC09A862-4405-4E61-AA64-D9A6851768A6}.OSX|ARM.ActiveCfg = OSX|Any CPU
		{CC09A862-4405-4E61-AA64-D9A6851768A6}.OSX|Mixed Platforms.ActiveCfg = OSX|Any CPU
		{CC09A862-4405-4E61-AA64-D9A6851768A6}.OSX|Win32.ActiveCfg = OSX|Any CPU
		{CC09A862-4405-4E61-AA64-D9A6851768A6}.OSX|Windows Phone.ActiveCfg = OSX|Any CPU
		{CC09A862-4405-4E61-AA64-D9A6851768A6}.OSX|x64.ActiveCfg = OSX|Any CPU
		{CC09A862-4405-4E61-AA64-D9A6851768A6}.OSX|x86.ActiveCfg = OSX|Any CPU
		{CC09A862-4405-4E61-AA64-D9A6851768A6}.PSM|Any CPU.ActiveCfg = PSM|Any CPU
		{CC09A862-4405-4E61-AA64-D9A6851768A6}.PSM|ARM.ActiveCfg = PSM|Any CPU
		{CC09A862-4405-4E61-AA64-D9A6851768A6}.PSM|Mixed Platforms.ActiveCfg = PSM|Any CPU
		{CC09A862-4405-4E61-AA64-D9A6851768A6}.PSM|Win32.ActiveCfg = PSM|Any CPU
		{CC09A862-4405-4E61-AA64-D9A6851768A6}.PSM|Windows Phone.ActiveCfg = PSM|Any CPU
		{CC09A862-4405-4E61-AA64-D9A6851768A6}.PSM|x64.ActiveCfg = PSM|Any CPU
		{CC09A862-4405-4E61-AA64-D9A6851768A6}.PSM|x86.ActiveCfg = PSM|Any CPU
		{CC09A862-4405-4E61-AA64-D9A6851768A6}.Release|Any CPU.ActiveCfg = PSM|Any CPU
		{CC09A862-4405-4E61-AA64-D9A6851768A6}.Release|ARM.ActiveCfg = PSM|Any CPU
		{CC09A862-4405-4E61-AA64-D9A6851768A6}.Release|Mixed Platforms.ActiveCfg = PSM|Any CPU
		{CC09A862-4405-4E61-AA64-D9A6851768A6}.Release|Win32.ActiveCfg = PSM|Any CPU
		{CC09A862-4405-4E61-AA64-D9A6851768A6}.Release|Windows Phone.ActiveCfg = PSM|Any CPU
		{CC09A862-4405-4E61-AA64-D9A6851768A6}.Release|x64.ActiveCfg = PSM|Any CPU
		{CC09A862-4405-4E61-AA64-D9A6851768A6}.Release|x86.ActiveCfg = PSM|Any CPU
		{CC09A862-4405-4E61-AA64-D9A6851768A6}.Windows|Any CPU.ActiveCfg = Windows|Any CPU
		{CC09A862-4405-4E61-AA64-D9A6851768A6}.Windows|ARM.ActiveCfg = Windows|Any CPU
		{CC09A862-4405-4E61-AA64-D9A6851768A6}.Windows|Mixed Platforms.ActiveCfg = Windows|Any CPU
		{CC09A862-4405-4E61-AA64-D9A6851768A6}.Windows|Win32.ActiveCfg = Windows|Any CPU
		{CC09A862-4405-4E61-AA64-D9A6851768A6}.Windows|Windows Phone.ActiveCfg = Windows|Any CPU
		{CC09A862-4405-4E61-AA64-D9A6851768A6}.Windows|x64.ActiveCfg = Windows|Any CPU
		{CC09A862-4405-4E61-AA64-D9A6851768A6}.Windows|x86.ActiveCfg = Windows|Any CPU
		{CC09A862-4405-4E61-AA64-D9A6851768A6}.Windows8|Any CPU.ActiveCfg = Windows8|Any CPU
		{CC09A862-4405-4E61-AA64-D9A6851768A6}.Windows8|ARM.ActiveCfg = Windows8|Any CPU
		{CC09A862-4405-4E61-AA64-D9A6851768A6}.Windows8|Mixed Platforms.ActiveCfg = Windows8|Any CPU
		{CC09A862-4405-4E61-AA64-D9A6851768A6}.Windows8|Win32.ActiveCfg = Windows8|Any CPU
		{CC09A862-4405-4E61-AA64-D9A6851768A6}.Windows8|Windows Phone.ActiveCfg = Windows8|Any CPU
		{CC09A862-4405-4E61-AA64-D9A6851768A6}.Windows8|x64.ActiveCfg = Windows8|Any CPU
		{CC09A862-4405-4E61-AA64-D9A6851768A6}.Windows8|x86.ActiveCfg = Windows8|Any CPU
	EndGlobalSection
	GlobalSection(SolutionProperties) = preSolution
		HideSolutionNode = FALSE
	EndGlobalSection
EndGlobal
