
Microsoft Visual Studio Solution File, Format Version 12.00
# Visual Studio Express 2012 for Windows Phone
Project("{FAE04EC0-301F-11D3-BF4B-00C04F79EFBC}") = "SpiderContent", "Spider\SpiderContent\SpiderContent.contentproj", "{C9E4AD72-90FB-4F73-8B73-71396B5BAF63}"
EndProject
Project("{FAE04EC0-301F-11D3-BF4B-00C04F79EFBC}") = "Spider", "Spider\Spider\Spider.csproj", "{29148556-C079-47D9-8E0B-B1C023F17CF0}"
EndProject
Global
	GlobalSection(TeamFoundationVersionControl) = preSolution
		SccNumberOfProjects = 3
		SccEnterpriseProvider = {4CA58AB2-18FA-4F8D-95D4-32DDF27D184C}
		SccTeamFoundationServer = https://wavecrash.visualstudio.com/defaultcollection
		SccLocalPath0 = .
		SccProjectUniqueName1 = Spider\\SpiderContent\\SpiderContent.contentproj
		SccProjectName1 = Spider/SpiderContent
		SccLocalPath1 = Spider\\SpiderContent
		SccProjectUniqueName2 = Spider\\Spider\\Spider.csproj
		SccProjectName2 = Spider/Spider
		SccLocalPath2 = Spider\\Spider
	EndGlobalSection
	GlobalSection(SolutionConfigurationPlatforms) = preSolution
		Debug|Any CPU = Debug|Any CPU
		Debug|ARM = Debug|ARM
		Debug|Mixed Platforms = Debug|Mixed Platforms
		Debug|Win32 = Debug|Win32
		Debug|Windows Phone = Debug|Windows Phone
		Debug|x86 = Debug|x86
		Release|Any CPU = Release|Any CPU
		Release|ARM = Release|ARM
		Release|Mixed Platforms = Release|Mixed Platforms
		Release|Win32 = Release|Win32
		Release|Windows Phone = Release|Windows Phone
		Release|x86 = Release|x86
	EndGlobalSection
	GlobalSection(ProjectConfigurationPlatforms) = postSolution
		{C9E4AD72-90FB-4F73-8B73-71396B5BAF63}.Debug|Any CPU.ActiveCfg = Debug|Windows Phone
		{C9E4AD72-90FB-4F73-8B73-71396B5BAF63}.Debug|ARM.ActiveCfg = Debug|Windows Phone
		{C9E4AD72-90FB-4F73-8B73-71396B5BAF63}.Debug|Mixed Platforms.ActiveCfg = Debug|Windows Phone
		{C9E4AD72-90FB-4F73-8B73-71396B5BAF63}.Debug|Win32.ActiveCfg = Debug|Windows Phone
		{C9E4AD72-90FB-4F73-8B73-71396B5BAF63}.Debug|Windows Phone.ActiveCfg = Debug|Windows Phone
		{C9E4AD72-90FB-4F73-8B73-71396B5BAF63}.Debug|x86.ActiveCfg = Debug|Windows Phone
		{C9E4AD72-90FB-4F73-8B73-71396B5BAF63}.Release|Any CPU.ActiveCfg = Release|Windows Phone
		{C9E4AD72-90FB-4F73-8B73-71396B5BAF63}.Release|ARM.ActiveCfg = Release|Windows Phone
		{C9E4AD72-90FB-4F73-8B73-71396B5BAF63}.Release|Mixed Platforms.ActiveCfg = Release|Windows Phone
		{C9E4AD72-90FB-4F73-8B73-71396B5BAF63}.Release|Win32.ActiveCfg = Release|Windows Phone
		{C9E4AD72-90FB-4F73-8B73-71396B5BAF63}.Release|Windows Phone.ActiveCfg = Release|Windows Phone
		{C9E4AD72-90FB-4F73-8B73-71396B5BAF63}.Release|x86.ActiveCfg = Release|Windows Phone
		{29148556-C079-47D9-8E0B-B1C023F17CF0}.Debug|Any CPU.ActiveCfg = Debug|Windows Phone
		{29148556-C079-47D9-8E0B-B1C023F17CF0}.Debug|ARM.ActiveCfg = Debug|Windows Phone
		{29148556-C079-47D9-8E0B-B1C023F17CF0}.Debug|Mixed Platforms.ActiveCfg = Debug|Windows Phone
		{29148556-C079-47D9-8E0B-B1C023F17CF0}.Debug|Mixed Platforms.Build.0 = Debug|Windows Phone
		{29148556-C079-47D9-8E0B-B1C023F17CF0}.Debug|Mixed Platforms.Deploy.0 = Debug|Windows Phone
		{29148556-C079-47D9-8E0B-B1C023F17CF0}.Debug|Win32.ActiveCfg = Debug|Windows Phone
		{29148556-C079-47D9-8E0B-B1C023F17CF0}.Debug|Windows Phone.ActiveCfg = Debug|Windows Phone
		{29148556-C079-47D9-8E0B-B1C023F17CF0}.Debug|Windows Phone.Build.0 = Debug|Windows Phone
		{29148556-C079-47D9-8E0B-B1C023F17CF0}.Debug|Windows Phone.Deploy.0 = Debug|Windows Phone
		{29148556-C079-47D9-8E0B-B1C023F17CF0}.Debug|x86.ActiveCfg = Debug|Windows Phone
		{29148556-C079-47D9-8E0B-B1C023F17CF0}.Release|Any CPU.ActiveCfg = Release|Windows Phone
		{29148556-C079-47D9-8E0B-B1C023F17CF0}.Release|ARM.ActiveCfg = Release|Windows Phone
		{29148556-C079-47D9-8E0B-B1C023F17CF0}.Release|Mixed Platforms.ActiveCfg = Release|Windows Phone
		{29148556-C079-47D9-8E0B-B1C023F17CF0}.Release|Mixed Platforms.Build.0 = Release|Windows Phone
		{29148556-C079-47D9-8E0B-B1C023F17CF0}.Release|Mixed Platforms.Deploy.0 = Release|Windows Phone
		{29148556-C079-47D9-8E0B-B1C023F17CF0}.Release|Win32.ActiveCfg = Release|Windows Phone
		{29148556-C079-47D9-8E0B-B1C023F17CF0}.Release|Windows Phone.ActiveCfg = Release|Windows Phone
		{29148556-C079-47D9-8E0B-B1C023F17CF0}.Release|Windows Phone.Build.0 = Release|Windows Phone
		{29148556-C079-47D9-8E0B-B1C023F17CF0}.Release|Windows Phone.Deploy.0 = Release|Windows Phone
		{29148556-C079-47D9-8E0B-B1C023F17CF0}.Release|x86.ActiveCfg = Release|Windows Phone
	EndGlobalSection
	GlobalSection(SolutionProperties) = preSolution
		HideSolutionNode = FALSE
	EndGlobalSection
EndGlobal
